
Microsoft Visual Studio Solution File, Format Version 12.00
# Visual Studio Version 17
VisualStudioVersion = 17.8.34525.116
MinimumVisualStudioVersion = 10.0.40219.1
Project("{FAE04EC0-301F-11D3-BF4B-00C04F79EFBC}") = "Demo01", "Demo01\Demo01.csproj", "{2C9C5858-D20A-4B1E-B3CF-1281A7782FFF}"
EndProject
Project("{FAE04EC0-301F-11D3-BF4B-00C04F79EFBC}") = "Demo02", "Demo02\Demo02.csproj", "{913BF2EC-A2FC-4F36-9030-4F03224157D0}"
EndProject
Global
	GlobalSection(SolutionConfigurationPlatforms) = preSolution
		Debug|Any CPU = Debug|Any CPU
		Release|Any CPU = Release|Any CPU
	EndGlobalSection
	GlobalSection(ProjectConfigurationPlatforms) = postSolution
		{2C9C5858-D20A-4B1E-B3CF-1281A7782FFF}.Debug|Any CPU.ActiveCfg = Debug|Any CPU
		{2C9C5858-D20A-4B1E-B3CF-1281A7782FFF}.Debug|Any CPU.Build.0 = Debug|Any CPU
		{2C9C5858-D20A-4B1E-B3CF-1281A7782FFF}.Release|Any CPU.ActiveCfg = Release|Any CPU
		{2C9C5858-D20A-4B1E-B3CF-1281A7782FFF}.Release|Any CPU.Build.0 = Release|Any CPU
		{913BF2EC-A2FC-4F36-9030-4F03224157D0}.Debug|Any CPU.ActiveCfg = Debug|Any CPU
		{913BF2EC-A2FC-4F36-9030-4F03224157D0}.Debug|Any CPU.Build.0 = Debug|Any CPU
		{913BF2EC-A2FC-4F36-9030-4F03224157D0}.Release|Any CPU.ActiveCfg = Release|Any CPU
		{913BF2EC-A2FC-4F36-9030-4F03224157D0}.Release|Any CPU.Build.0 = Release|Any CPU
	EndGlobalSection
	GlobalSection(SolutionProperties) = preSolution
		HideSolutionNode = FALSE
	EndGlobalSection
	GlobalSection(ExtensibilityGlobals) = postSolution
		SolutionGuid = {D123B703-73CF-497C-B62D-E1C1FD38FC05}
	EndGlobalSection
EndGlobal
