
Microsoft Visual Studio Solution File, Format Version 12.00
# Visual Studio Version 17
VisualStudioVersion = 17.1.32328.378
MinimumVisualStudioVersion = 10.0.40219.1
Project("{9A19103F-16F7-4668-BE54-9A1E7A4F7556}") = "Demo01", "Demo01\Demo01.csproj", "{03693107-04D3-4E64-9FC2-ED8D02C98AC3}"
EndProject
Project("{9A19103F-16F7-4668-BE54-9A1E7A4F7556}") = "Demo02", "Demo02\Demo02.csproj", "{716961FF-F95E-486F-93E4-E5E233E87F26}"
EndProject
Project("{9A19103F-16F7-4668-BE54-9A1E7A4F7556}") = "Demo03", "Demo03\Demo03.csproj", "{E15D98D3-3AD6-4310-892A-E92A7F49B171}"
EndProject
Project("{9A19103F-16F7-4668-BE54-9A1E7A4F7556}") = "Demo04", "Demo04\Demo04.csproj", "{FDC11D22-6610-445B-9206-01C7F0E6F97E}"
EndProject
Project("{9A19103F-16F7-4668-BE54-9A1E7A4F7556}") = "Demo05", "Demo05\Demo05.csproj", "{AAB03823-DF8F-490C-B048-7D34FC0FC348}"
EndProject
Project("{9A19103F-16F7-4668-BE54-9A1E7A4F7556}") = "Demo06", "Demo06\Demo06.csproj", "{9B667FCC-1E94-4638-8528-BEA2A1C737EE}"
EndProject
Project("{9A19103F-16F7-4668-BE54-9A1E7A4F7556}") = "Demo07", "Demo07\Demo07.csproj", "{AE87DEBD-B649-479A-A094-D66C7D6F1D63}"
EndProject
Project("{9A19103F-16F7-4668-BE54-9A1E7A4F7556}") = "Demo08", "Dem08\Demo08.csproj", "{8A159A40-B8FB-471A-B731-57AC3199417F}"
EndProject
Project("{9A19103F-16F7-4668-BE54-9A1E7A4F7556}") = "Demo09", "Demo09\Demo09.csproj", "{3752630D-CCFE-485A-BB4C-B708E02FA579}"
EndProject
Project("{9A19103F-16F7-4668-BE54-9A1E7A4F7556}") = "TaskDem01", "TaskDem01\TaskDem01.csproj", "{C95DCEA0-A1A8-4824-AE81-6C7E9A19EB64}"
EndProject
Project("{9A19103F-16F7-4668-BE54-9A1E7A4F7556}") = "TaskDemo02", "TaskDemo02\TaskDemo02.csproj", "{97205A39-5ED4-4AD8-8BEB-CA132F14B603}"
EndProject
Project("{9A19103F-16F7-4668-BE54-9A1E7A4F7556}") = "TaskDemo03", "TaskDemo03\TaskDemo03.csproj", "{97832454-7054-4285-8BCA-79BB607EB09F}"
EndProject
Project("{9A19103F-16F7-4668-BE54-9A1E7A4F7556}") = "TaskDemo04", "TaskDemo04\TaskDemo04.csproj", "{A983E0CF-35F8-4610-8F05-7710ED7D7CF6}"
EndProject
Project("{9A19103F-16F7-4668-BE54-9A1E7A4F7556}") = "TaskDemo05", "TaskDemo05\TaskDemo05.csproj", "{64D65845-8E4C-43D4-B136-6BD85EA51258}"
EndProject
Project("{9A19103F-16F7-4668-BE54-9A1E7A4F7556}") = "TaskDemo06", "TaskDemo06\TaskDemo06.csproj", "{E99FAA21-A421-4D98-BE05-E18CAD5A0D18}"
EndProject
Project("{9A19103F-16F7-4668-BE54-9A1E7A4F7556}") = "Demo10", "Demo10\Demo10.csproj", "{9935006E-4D49-4774-9CAA-B18526513653}"
EndProject
Project("{9A19103F-16F7-4668-BE54-9A1E7A4F7556}") = "TaskDemo07", "TaskDemo07\TaskDemo07.csproj", "{1AA22B4B-63E8-4084-B2E4-1E54954E4833}"
EndProject
Project("{9A19103F-16F7-4668-BE54-9A1E7A4F7556}") = "TaskDemo08", "TaskDemo08\TaskDemo08.csproj", "{ED46B457-95F1-4C28-A54D-8DF73931F7EC}"
EndProject
Project("{9A19103F-16F7-4668-BE54-9A1E7A4F7556}") = "TaskDemo09", "TaskDemo09\TaskDemo09.csproj", "{1142C48D-4DA6-45D3-BC0E-39F2C65A9030}"
EndProject
Project("{9A19103F-16F7-4668-BE54-9A1E7A4F7556}") = "WinAppPrimeFinder", "WinAppPrimeFinder\WinAppPrimeFinder.csproj", "{95523FB7-FB8D-4904-9BFC-D4E2A1C71511}"
EndProject
Project("{9A19103F-16F7-4668-BE54-9A1E7A4F7556}") = "TaskDemo10", "TaskDemo10\TaskDemo10.csproj", "{F122FF6D-DE7B-4E8C-9D8F-692EC5754B8C}"
EndProject
Project("{9A19103F-16F7-4668-BE54-9A1E7A4F7556}") = "TaskDemo11", "TaskDemo11\TaskDemo11.csproj", "{C93FF67A-40D1-4BB4-8A2B-DB5C3D11FFB0}"
EndProject
Project("{9A19103F-16F7-4668-BE54-9A1E7A4F7556}") = "TaskDemo12", "TaskDemo12\TaskDemo12.csproj", "{D0A1C173-2B61-44D1-BE0D-09DAC673CFE0}"
EndProject
Project("{FAE04EC0-301F-11D3-BF4B-00C04F79EFBC}") = "ConceptArchitect.Collections", "ConceptArchitect.Collections\ConceptArchitect.Collections.csproj", "{821CE0D7-8FCE-488E-8ADA-97052FFC6F3B}"
EndProject
Global
	GlobalSection(SolutionConfigurationPlatforms) = preSolution
		Debug|Any CPU = Debug|Any CPU
		Release|Any CPU = Release|Any CPU
	EndGlobalSection
	GlobalSection(ProjectConfigurationPlatforms) = postSolution
		{03693107-04D3-4E64-9FC2-ED8D02C98AC3}.Debug|Any CPU.ActiveCfg = Debug|Any CPU
		{03693107-04D3-4E64-9FC2-ED8D02C98AC3}.Debug|Any CPU.Build.0 = Debug|Any CPU
		{03693107-04D3-4E64-9FC2-ED8D02C98AC3}.Release|Any CPU.ActiveCfg = Release|Any CPU
		{03693107-04D3-4E64-9FC2-ED8D02C98AC3}.Release|Any CPU.Build.0 = Release|Any CPU
		{716961FF-F95E-486F-93E4-E5E233E87F26}.Debug|Any CPU.ActiveCfg = Debug|Any CPU
		{716961FF-F95E-486F-93E4-E5E233E87F26}.Debug|Any CPU.Build.0 = Debug|Any CPU
		{716961FF-F95E-486F-93E4-E5E233E87F26}.Release|Any CPU.ActiveCfg = Release|Any CPU
		{716961FF-F95E-486F-93E4-E5E233E87F26}.Release|Any CPU.Build.0 = Release|Any CPU
		{E15D98D3-3AD6-4310-892A-E92A7F49B171}.Debug|Any CPU.ActiveCfg = Debug|Any CPU
		{E15D98D3-3AD6-4310-892A-E92A7F49B171}.Debug|Any CPU.Build.0 = Debug|Any CPU
		{E15D98D3-3AD6-4310-892A-E92A7F49B171}.Release|Any CPU.ActiveCfg = Release|Any CPU
		{E15D98D3-3AD6-4310-892A-E92A7F49B171}.Release|Any CPU.Build.0 = Release|Any CPU
		{FDC11D22-6610-445B-9206-01C7F0E6F97E}.Debug|Any CPU.ActiveCfg = Debug|Any CPU
		{FDC11D22-6610-445B-9206-01C7F0E6F97E}.Debug|Any CPU.Build.0 = Debug|Any CPU
		{FDC11D22-6610-445B-9206-01C7F0E6F97E}.Release|Any CPU.ActiveCfg = Release|Any CPU
		{FDC11D22-6610-445B-9206-01C7F0E6F97E}.Release|Any CPU.Build.0 = Release|Any CPU
		{AAB03823-DF8F-490C-B048-7D34FC0FC348}.Debug|Any CPU.ActiveCfg = Debug|Any CPU
		{AAB03823-DF8F-490C-B048-7D34FC0FC348}.Debug|Any CPU.Build.0 = Debug|Any CPU
		{AAB03823-DF8F-490C-B048-7D34FC0FC348}.Release|Any CPU.ActiveCfg = Release|Any CPU
		{AAB03823-DF8F-490C-B048-7D34FC0FC348}.Release|Any CPU.Build.0 = Release|Any CPU
		{9B667FCC-1E94-4638-8528-BEA2A1C737EE}.Debug|Any CPU.ActiveCfg = Debug|Any CPU
		{9B667FCC-1E94-4638-8528-BEA2A1C737EE}.Debug|Any CPU.Build.0 = Debug|Any CPU
		{9B667FCC-1E94-4638-8528-BEA2A1C737EE}.Release|Any CPU.ActiveCfg = Release|Any CPU
		{9B667FCC-1E94-4638-8528-BEA2A1C737EE}.Release|Any CPU.Build.0 = Release|Any CPU
		{AE87DEBD-B649-479A-A094-D66C7D6F1D63}.Debug|Any CPU.ActiveCfg = Debug|Any CPU
		{AE87DEBD-B649-479A-A094-D66C7D6F1D63}.Debug|Any CPU.Build.0 = Debug|Any CPU
		{AE87DEBD-B649-479A-A094-D66C7D6F1D63}.Release|Any CPU.ActiveCfg = Release|Any CPU
		{AE87DEBD-B649-479A-A094-D66C7D6F1D63}.Release|Any CPU.Build.0 = Release|Any CPU
		{8A159A40-B8FB-471A-B731-57AC3199417F}.Debug|Any CPU.ActiveCfg = Debug|Any CPU
		{8A159A40-B8FB-471A-B731-57AC3199417F}.Debug|Any CPU.Build.0 = Debug|Any CPU
		{8A159A40-B8FB-471A-B731-57AC3199417F}.Release|Any CPU.ActiveCfg = Release|Any CPU
		{8A159A40-B8FB-471A-B731-57AC3199417F}.Release|Any CPU.Build.0 = Release|Any CPU
		{3752630D-CCFE-485A-BB4C-B708E02FA579}.Debug|Any CPU.ActiveCfg = Debug|Any CPU
		{3752630D-CCFE-485A-BB4C-B708E02FA579}.Debug|Any CPU.Build.0 = Debug|Any CPU
		{3752630D-CCFE-485A-BB4C-B708E02FA579}.Release|Any CPU.ActiveCfg = Release|Any CPU
		{3752630D-CCFE-485A-BB4C-B708E02FA579}.Release|Any CPU.Build.0 = Release|Any CPU
		{C95DCEA0-A1A8-4824-AE81-6C7E9A19EB64}.Debug|Any CPU.ActiveCfg = Debug|Any CPU
		{C95DCEA0-A1A8-4824-AE81-6C7E9A19EB64}.Debug|Any CPU.Build.0 = Debug|Any CPU
		{C95DCEA0-A1A8-4824-AE81-6C7E9A19EB64}.Release|Any CPU.ActiveCfg = Release|Any CPU
		{C95DCEA0-A1A8-4824-AE81-6C7E9A19EB64}.Release|Any CPU.Build.0 = Release|Any CPU
		{97205A39-5ED4-4AD8-8BEB-CA132F14B603}.Debug|Any CPU.ActiveCfg = Debug|Any CPU
		{97205A39-5ED4-4AD8-8BEB-CA132F14B603}.Debug|Any CPU.Build.0 = Debug|Any CPU
		{97205A39-5ED4-4AD8-8BEB-CA132F14B603}.Release|Any CPU.ActiveCfg = Release|Any CPU
		{97205A39-5ED4-4AD8-8BEB-CA132F14B603}.Release|Any CPU.Build.0 = Release|Any CPU
		{97832454-7054-4285-8BCA-79BB607EB09F}.Debug|Any CPU.ActiveCfg = Debug|Any CPU
		{97832454-7054-4285-8BCA-79BB607EB09F}.Debug|Any CPU.Build.0 = Debug|Any CPU
		{97832454-7054-4285-8BCA-79BB607EB09F}.Release|Any CPU.ActiveCfg = Release|Any CPU
		{97832454-7054-4285-8BCA-79BB607EB09F}.Release|Any CPU.Build.0 = Release|Any CPU
		{A983E0CF-35F8-4610-8F05-7710ED7D7CF6}.Debug|Any CPU.ActiveCfg = Debug|Any CPU
		{A983E0CF-35F8-4610-8F05-7710ED7D7CF6}.Debug|Any CPU.Build.0 = Debug|Any CPU
		{A983E0CF-35F8-4610-8F05-7710ED7D7CF6}.Release|Any CPU.ActiveCfg = Release|Any CPU
		{A983E0CF-35F8-4610-8F05-7710ED7D7CF6}.Release|Any CPU.Build.0 = Release|Any CPU
		{64D65845-8E4C-43D4-B136-6BD85EA51258}.Debug|Any CPU.ActiveCfg = Debug|Any CPU
		{64D65845-8E4C-43D4-B136-6BD85EA51258}.Debug|Any CPU.Build.0 = Debug|Any CPU
		{64D65845-8E4C-43D4-B136-6BD85EA51258}.Release|Any CPU.ActiveCfg = Release|Any CPU
		{64D65845-8E4C-43D4-B136-6BD85EA51258}.Release|Any CPU.Build.0 = Release|Any CPU
		{E99FAA21-A421-4D98-BE05-E18CAD5A0D18}.Debug|Any CPU.ActiveCfg = Debug|Any CPU
		{E99FAA21-A421-4D98-BE05-E18CAD5A0D18}.Debug|Any CPU.Build.0 = Debug|Any CPU
		{E99FAA21-A421-4D98-BE05-E18CAD5A0D18}.Release|Any CPU.ActiveCfg = Release|Any CPU
		{E99FAA21-A421-4D98-BE05-E18CAD5A0D18}.Release|Any CPU.Build.0 = Release|Any CPU
		{9935006E-4D49-4774-9CAA-B18526513653}.Debug|Any CPU.ActiveCfg = Debug|Any CPU
		{9935006E-4D49-4774-9CAA-B18526513653}.Debug|Any CPU.Build.0 = Debug|Any CPU
		{9935006E-4D49-4774-9CAA-B18526513653}.Release|Any CPU.ActiveCfg = Release|Any CPU
		{9935006E-4D49-4774-9CAA-B18526513653}.Release|Any CPU.Build.0 = Release|Any CPU
		{1AA22B4B-63E8-4084-B2E4-1E54954E4833}.Debug|Any CPU.ActiveCfg = Debug|Any CPU
		{1AA22B4B-63E8-4084-B2E4-1E54954E4833}.Debug|Any CPU.Build.0 = Debug|Any CPU
		{1AA22B4B-63E8-4084-B2E4-1E54954E4833}.Release|Any CPU.ActiveCfg = Release|Any CPU
		{1AA22B4B-63E8-4084-B2E4-1E54954E4833}.Release|Any CPU.Build.0 = Release|Any CPU
		{ED46B457-95F1-4C28-A54D-8DF73931F7EC}.Debug|Any CPU.ActiveCfg = Debug|Any CPU
		{ED46B457-95F1-4C28-A54D-8DF73931F7EC}.Debug|Any CPU.Build.0 = Debug|Any CPU
		{ED46B457-95F1-4C28-A54D-8DF73931F7EC}.Release|Any CPU.ActiveCfg = Release|Any CPU
		{ED46B457-95F1-4C28-A54D-8DF73931F7EC}.Release|Any CPU.Build.0 = Release|Any CPU
		{1142C48D-4DA6-45D3-BC0E-39F2C65A9030}.Debug|Any CPU.ActiveCfg = Debug|Any CPU
		{1142C48D-4DA6-45D3-BC0E-39F2C65A9030}.Debug|Any CPU.Build.0 = Debug|Any CPU
		{1142C48D-4DA6-45D3-BC0E-39F2C65A9030}.Release|Any CPU.ActiveCfg = Release|Any CPU
		{1142C48D-4DA6-45D3-BC0E-39F2C65A9030}.Release|Any CPU.Build.0 = Release|Any CPU
		{95523FB7-FB8D-4904-9BFC-D4E2A1C71511}.Debug|Any CPU.ActiveCfg = Debug|Any CPU
		{95523FB7-FB8D-4904-9BFC-D4E2A1C71511}.Debug|Any CPU.Build.0 = Debug|Any CPU
		{95523FB7-FB8D-4904-9BFC-D4E2A1C71511}.Release|Any CPU.ActiveCfg = Release|Any CPU
		{95523FB7-FB8D-4904-9BFC-D4E2A1C71511}.Release|Any CPU.Build.0 = Release|Any CPU
		{F122FF6D-DE7B-4E8C-9D8F-692EC5754B8C}.Debug|Any CPU.ActiveCfg = Debug|Any CPU
		{F122FF6D-DE7B-4E8C-9D8F-692EC5754B8C}.Debug|Any CPU.Build.0 = Debug|Any CPU
		{F122FF6D-DE7B-4E8C-9D8F-692EC5754B8C}.Release|Any CPU.ActiveCfg = Release|Any CPU
		{F122FF6D-DE7B-4E8C-9D8F-692EC5754B8C}.Release|Any CPU.Build.0 = Release|Any CPU
		{C93FF67A-40D1-4BB4-8A2B-DB5C3D11FFB0}.Debug|Any CPU.ActiveCfg = Debug|Any CPU
		{C93FF67A-40D1-4BB4-8A2B-DB5C3D11FFB0}.Debug|Any CPU.Build.0 = Debug|Any CPU
		{C93FF67A-40D1-4BB4-8A2B-DB5C3D11FFB0}.Release|Any CPU.ActiveCfg = Release|Any CPU
		{C93FF67A-40D1-4BB4-8A2B-DB5C3D11FFB0}.Release|Any CPU.Build.0 = Release|Any CPU
		{D0A1C173-2B61-44D1-BE0D-09DAC673CFE0}.Debug|Any CPU.ActiveCfg = Debug|Any CPU
		{D0A1C173-2B61-44D1-BE0D-09DAC673CFE0}.Debug|Any CPU.Build.0 = Debug|Any CPU
		{D0A1C173-2B61-44D1-BE0D-09DAC673CFE0}.Release|Any CPU.ActiveCfg = Release|Any CPU
		{D0A1C173-2B61-44D1-BE0D-09DAC673CFE0}.Release|Any CPU.Build.0 = Release|Any CPU
		{821CE0D7-8FCE-488E-8ADA-97052FFC6F3B}.Debug|Any CPU.ActiveCfg = Debug|Any CPU
		{821CE0D7-8FCE-488E-8ADA-97052FFC6F3B}.Debug|Any CPU.Build.0 = Debug|Any CPU
		{821CE0D7-8FCE-488E-8ADA-97052FFC6F3B}.Release|Any CPU.ActiveCfg = Release|Any CPU
		{821CE0D7-8FCE-488E-8ADA-97052FFC6F3B}.Release|Any CPU.Build.0 = Release|Any CPU
	EndGlobalSection
	GlobalSection(SolutionProperties) = preSolution
		HideSolutionNode = FALSE
	EndGlobalSection
	GlobalSection(ExtensibilityGlobals) = postSolution
		SolutionGuid = {C8FAD0CC-516A-48EA-B265-4D32C7C3F57C}
	EndGlobalSection
EndGlobal
