
Microsoft Visual Studio Solution File, Format Version 12.00
# Visual Studio Version 17
VisualStudioVersion = 17.8.34525.116
MinimumVisualStudioVersion = 10.0.40219.1
Project("{9A19103F-16F7-4668-BE54-9A1E7A4F7556}") = "ConceptArchitect.Collections", "ConceptArchitect.Collections\ConceptArchitect.Collections.csproj", "{837F0A41-39A8-4EC4-B03A-7BD35A8044D5}"
EndProject
Project("{9A19103F-16F7-4668-BE54-9A1E7A4F7556}") = "GenericTests", "GenericTests\GenericTests.csproj", "{4FFE1DB1-99C7-49AB-A9AB-418668854204}"
EndProject
Project("{9A19103F-16F7-4668-BE54-9A1E7A4F7556}") = "AnimalsDemo", "AnimalsDemo\AnimalsDemo.csproj", "{02C1F4A0-DA6A-4B52-BDEA-3972C2825396}"
EndProject
Project("{9A19103F-16F7-4668-BE54-9A1E7A4F7556}") = "ConceptArchitect.BookRepository", "ConceptArchitect.BookRepository\ConceptArchitect.BookRepository.csproj", "{7DDDB0E7-716B-47E5-893C-65A74C249537}"
EndProject
Project("{FAE04EC0-301F-11D3-BF4B-00C04F79EFBC}") = "TopLevelCode", "TopLevelCode\TopLevelCode.csproj", "{B6846DD6-35C2-44AC-AECF-E3EC0B9EE084}"
EndProject
Global
	GlobalSection(SolutionConfigurationPlatforms) = preSolution
		Debug|Any CPU = Debug|Any CPU
		Release|Any CPU = Release|Any CPU
	EndGlobalSection
	GlobalSection(ProjectConfigurationPlatforms) = postSolution
		{837F0A41-39A8-4EC4-B03A-7BD35A8044D5}.Debug|Any CPU.ActiveCfg = Debug|Any CPU
		{837F0A41-39A8-4EC4-B03A-7BD35A8044D5}.Debug|Any CPU.Build.0 = Debug|Any CPU
		{837F0A41-39A8-4EC4-B03A-7BD35A8044D5}.Release|Any CPU.ActiveCfg = Release|Any CPU
		{837F0A41-39A8-4EC4-B03A-7BD35A8044D5}.Release|Any CPU.Build.0 = Release|Any CPU
		{4FFE1DB1-99C7-49AB-A9AB-418668854204}.Debug|Any CPU.ActiveCfg = Debug|Any CPU
		{4FFE1DB1-99C7-49AB-A9AB-418668854204}.Debug|Any CPU.Build.0 = Debug|Any CPU
		{4FFE1DB1-99C7-49AB-A9AB-418668854204}.Release|Any CPU.ActiveCfg = Release|Any CPU
		{4FFE1DB1-99C7-49AB-A9AB-418668854204}.Release|Any CPU.Build.0 = Release|Any CPU
		{02C1F4A0-DA6A-4B52-BDEA-3972C2825396}.Debug|Any CPU.ActiveCfg = Debug|Any CPU
		{02C1F4A0-DA6A-4B52-BDEA-3972C2825396}.Debug|Any CPU.Build.0 = Debug|Any CPU
		{02C1F4A0-DA6A-4B52-BDEA-3972C2825396}.Release|Any CPU.ActiveCfg = Release|Any CPU
		{02C1F4A0-DA6A-4B52-BDEA-3972C2825396}.Release|Any CPU.Build.0 = Release|Any CPU
		{7DDDB0E7-716B-47E5-893C-65A74C249537}.Debug|Any CPU.ActiveCfg = Debug|Any CPU
		{7DDDB0E7-716B-47E5-893C-65A74C249537}.Debug|Any CPU.Build.0 = Debug|Any CPU
		{7DDDB0E7-716B-47E5-893C-65A74C249537}.Release|Any CPU.ActiveCfg = Release|Any CPU
		{7DDDB0E7-716B-47E5-893C-65A74C249537}.Release|Any CPU.Build.0 = Release|Any CPU
		{B6846DD6-35C2-44AC-AECF-E3EC0B9EE084}.Debug|Any CPU.ActiveCfg = Debug|Any CPU
		{B6846DD6-35C2-44AC-AECF-E3EC0B9EE084}.Debug|Any CPU.Build.0 = Debug|Any CPU
		{B6846DD6-35C2-44AC-AECF-E3EC0B9EE084}.Release|Any CPU.ActiveCfg = Release|Any CPU
		{B6846DD6-35C2-44AC-AECF-E3EC0B9EE084}.Release|Any CPU.Build.0 = Release|Any CPU
	EndGlobalSection
	GlobalSection(SolutionProperties) = preSolution
		HideSolutionNode = FALSE
	EndGlobalSection
	GlobalSection(ExtensibilityGlobals) = postSolution
		SolutionGuid = {2BEA75CE-8A90-4F43-8797-0F6F6380EF53}
	EndGlobalSection
EndGlobal
