
Microsoft Visual Studio Solution File, Format Version 12.00
# Visual Studio Version 17
VisualStudioVersion = 17.8.34525.116
MinimumVisualStudioVersion = 10.0.40219.1
Project("{9A19103F-16F7-4668-BE54-9A1E7A4F7556}") = "App01", "App01\App01.csproj", "{461E0309-2680-4C23-ADD4-EC5B1E8DD657}"
EndProject
Project("{9A19103F-16F7-4668-BE54-9A1E7A4F7556}") = "App02", "App02\App02.csproj", "{151FFDC5-7BBA-4A51-AA1F-473ADA1A9666}"
EndProject
Project("{9A19103F-16F7-4668-BE54-9A1E7A4F7556}") = "ConceptArchitect.Utils", "ConceptArchitect.Utils\ConceptArchitect.Utils.csproj", "{DB64FC39-C75C-4476-9A96-A7C6477BFFBD}"
EndProject
Project("{9A19103F-16F7-4668-BE54-9A1E7A4F7556}") = "App03", "App03\App03.csproj", "{AB847A06-9E58-4B16-8FB6-59DD0F914D48}"
EndProject
Project("{9A19103F-16F7-4668-BE54-9A1E7A4F7556}") = "App03Tests", "App03Tests\App03Tests.csproj", "{1E535A49-3891-4259-AA65-231E53E0E341}"
EndProject
Project("{FAE04EC0-301F-11D3-BF4B-00C04F79EFBC}") = "App04", "App04\App04.csproj", "{FFFB4085-D50C-4C13-98E5-682AC14317C4}"
EndProject
Project("{FAE04EC0-301F-11D3-BF4B-00C04F79EFBC}") = "App05", "App05\App05.csproj", "{A88174DC-E820-4D50-A6D3-CA03F9E6CDEC}"
EndProject
Project("{FAE04EC0-301F-11D3-BF4B-00C04F79EFBC}") = "StackApp", "StackApp\StackApp.csproj", "{97E12873-4BC4-464F-9425-256712C3E81F}"
EndProject
Global
	GlobalSection(SolutionConfigurationPlatforms) = preSolution
		Debug|Any CPU = Debug|Any CPU
		Release|Any CPU = Release|Any CPU
	EndGlobalSection
	GlobalSection(ProjectConfigurationPlatforms) = postSolution
		{461E0309-2680-4C23-ADD4-EC5B1E8DD657}.Debug|Any CPU.ActiveCfg = Debug|Any CPU
		{461E0309-2680-4C23-ADD4-EC5B1E8DD657}.Debug|Any CPU.Build.0 = Debug|Any CPU
		{461E0309-2680-4C23-ADD4-EC5B1E8DD657}.Release|Any CPU.ActiveCfg = Release|Any CPU
		{461E0309-2680-4C23-ADD4-EC5B1E8DD657}.Release|Any CPU.Build.0 = Release|Any CPU
		{151FFDC5-7BBA-4A51-AA1F-473ADA1A9666}.Debug|Any CPU.ActiveCfg = Debug|Any CPU
		{151FFDC5-7BBA-4A51-AA1F-473ADA1A9666}.Debug|Any CPU.Build.0 = Debug|Any CPU
		{151FFDC5-7BBA-4A51-AA1F-473ADA1A9666}.Release|Any CPU.ActiveCfg = Release|Any CPU
		{151FFDC5-7BBA-4A51-AA1F-473ADA1A9666}.Release|Any CPU.Build.0 = Release|Any CPU
		{DB64FC39-C75C-4476-9A96-A7C6477BFFBD}.Debug|Any CPU.ActiveCfg = Debug|Any CPU
		{DB64FC39-C75C-4476-9A96-A7C6477BFFBD}.Debug|Any CPU.Build.0 = Debug|Any CPU
		{DB64FC39-C75C-4476-9A96-A7C6477BFFBD}.Release|Any CPU.ActiveCfg = Release|Any CPU
		{DB64FC39-C75C-4476-9A96-A7C6477BFFBD}.Release|Any CPU.Build.0 = Release|Any CPU
		{AB847A06-9E58-4B16-8FB6-59DD0F914D48}.Debug|Any CPU.ActiveCfg = Debug|Any CPU
		{AB847A06-9E58-4B16-8FB6-59DD0F914D48}.Debug|Any CPU.Build.0 = Debug|Any CPU
		{AB847A06-9E58-4B16-8FB6-59DD0F914D48}.Release|Any CPU.ActiveCfg = Release|Any CPU
		{AB847A06-9E58-4B16-8FB6-59DD0F914D48}.Release|Any CPU.Build.0 = Release|Any CPU
		{1E535A49-3891-4259-AA65-231E53E0E341}.Debug|Any CPU.ActiveCfg = Debug|Any CPU
		{1E535A49-3891-4259-AA65-231E53E0E341}.Debug|Any CPU.Build.0 = Debug|Any CPU
		{1E535A49-3891-4259-AA65-231E53E0E341}.Release|Any CPU.ActiveCfg = Release|Any CPU
		{1E535A49-3891-4259-AA65-231E53E0E341}.Release|Any CPU.Build.0 = Release|Any CPU
		{FFFB4085-D50C-4C13-98E5-682AC14317C4}.Debug|Any CPU.ActiveCfg = Debug|Any CPU
		{FFFB4085-D50C-4C13-98E5-682AC14317C4}.Debug|Any CPU.Build.0 = Debug|Any CPU
		{FFFB4085-D50C-4C13-98E5-682AC14317C4}.Release|Any CPU.ActiveCfg = Release|Any CPU
		{FFFB4085-D50C-4C13-98E5-682AC14317C4}.Release|Any CPU.Build.0 = Release|Any CPU
		{A88174DC-E820-4D50-A6D3-CA03F9E6CDEC}.Debug|Any CPU.ActiveCfg = Debug|Any CPU
		{A88174DC-E820-4D50-A6D3-CA03F9E6CDEC}.Debug|Any CPU.Build.0 = Debug|Any CPU
		{A88174DC-E820-4D50-A6D3-CA03F9E6CDEC}.Release|Any CPU.ActiveCfg = Release|Any CPU
		{A88174DC-E820-4D50-A6D3-CA03F9E6CDEC}.Release|Any CPU.Build.0 = Release|Any CPU
		{97E12873-4BC4-464F-9425-256712C3E81F}.Debug|Any CPU.ActiveCfg = Debug|Any CPU
		{97E12873-4BC4-464F-9425-256712C3E81F}.Debug|Any CPU.Build.0 = Debug|Any CPU
		{97E12873-4BC4-464F-9425-256712C3E81F}.Release|Any CPU.ActiveCfg = Release|Any CPU
		{97E12873-4BC4-464F-9425-256712C3E81F}.Release|Any CPU.Build.0 = Release|Any CPU
	EndGlobalSection
	GlobalSection(SolutionProperties) = preSolution
		HideSolutionNode = FALSE
	EndGlobalSection
	GlobalSection(ExtensibilityGlobals) = postSolution
		SolutionGuid = {81878D17-8CBD-470D-8186-38025BB30BA7}
	EndGlobalSection
EndGlobal
